
Microsoft Visual Studio Solution File, Format Version 12.00
# Visual Studio Version 16
VisualStudioVersion = 16.0.30114.105
MinimumVisualStudioVersion = 10.0.40219.1
Project("{2150E333-8FDC-42A3-9474-1A3956D46DE8}") = "Solution Items", "Solution Items", "{5BCB133F-C146-482D-97EA-A47882978426}"
	ProjectSection(SolutionItems) = preProject
		.gitignore = .gitignore
		build.fsx = build.fsx
		README.md = README.md
		RELEASE_NOTES.md = RELEASE_NOTES.md
	EndProjectSection
EndProject
Project("{6EC3EE1D-3C4E-46DD-8F32-0CC8E7565705}") = "OfficeJS.Fable", "src\OfficeJS.Fable\OfficeJS.Fable.fsproj", "{B1B23316-4696-4420-BF2C-61EBED42553D}"
EndProject
Project("{6EC3EE1D-3C4E-46DD-8F32-0CC8E7565705}") = "ExcelJS.Fable", "src\ExcelJS.Fable\ExcelJS.Fable.fsproj", "{E6DE2521-FEF2-4864-9740-B7E7A961BB32}"
EndProject
Project("{6EC3EE1D-3C4E-46DD-8F32-0CC8E7565705}") = "WordJS.Fable", "src\WordJS.Fable\WordJS.Fable.fsproj", "{A73578BC-997D-4DB4-9675-1129DA9D4974}"
EndProject
Global
	GlobalSection(SolutionConfigurationPlatforms) = preSolution
		Debug|Any CPU = Debug|Any CPU
		Release|Any CPU = Release|Any CPU
	EndGlobalSection
	GlobalSection(ProjectConfigurationPlatforms) = postSolution
		{B1B23316-4696-4420-BF2C-61EBED42553D}.Debug|Any CPU.ActiveCfg = Debug|Any CPU
		{B1B23316-4696-4420-BF2C-61EBED42553D}.Debug|Any CPU.Build.0 = Debug|Any CPU
		{B1B23316-4696-4420-BF2C-61EBED42553D}.Release|Any CPU.ActiveCfg = Release|Any CPU
		{B1B23316-4696-4420-BF2C-61EBED42553D}.Release|Any CPU.Build.0 = Release|Any CPU
		{E6DE2521-FEF2-4864-9740-B7E7A961BB32}.Debug|Any CPU.ActiveCfg = Debug|Any CPU
		{E6DE2521-FEF2-4864-9740-B7E7A961BB32}.Debug|Any CPU.Build.0 = Debug|Any CPU
		{E6DE2521-FEF2-4864-9740-B7E7A961BB32}.Release|Any CPU.ActiveCfg = Release|Any CPU
		{E6DE2521-FEF2-4864-9740-B7E7A961BB32}.Release|Any CPU.Build.0 = Release|Any CPU
		{A73578BC-997D-4DB4-9675-1129DA9D4974}.Debug|Any CPU.ActiveCfg = Debug|Any CPU
		{A73578BC-997D-4DB4-9675-1129DA9D4974}.Debug|Any CPU.Build.0 = Debug|Any CPU
		{A73578BC-997D-4DB4-9675-1129DA9D4974}.Release|Any CPU.ActiveCfg = Release|Any CPU
		{A73578BC-997D-4DB4-9675-1129DA9D4974}.Release|Any CPU.Build.0 = Release|Any CPU
	EndGlobalSection
	GlobalSection(SolutionProperties) = preSolution
		HideSolutionNode = FALSE
	EndGlobalSection
	GlobalSection(ExtensibilityGlobals) = postSolution
		SolutionGuid = {DB6A79BF-BEA3-497E-B64D-3F5B48E32FFE}
	EndGlobalSection
EndGlobal
