
Microsoft Visual Studio Solution File, Format Version 12.00
# Visual Studio Version 16
VisualStudioVersion = 16.0.30114.105
MinimumVisualStudioVersion = 10.0.40219.1
Project("{6EC3EE1D-3C4E-46DD-8F32-0CC8E7565705}") = "office-fable", "src\office-fable\office-fable.fsproj", "{BBA0FECA-68FF-4BF6-B32B-D6AC41758626}"
EndProject
Project("{2150E333-8FDC-42A3-9474-1A3956D46DE8}") = "Solution Items", "Solution Items", "{5BCB133F-C146-482D-97EA-A47882978426}"
	ProjectSection(SolutionItems) = preProject
		.gitignore = .gitignore
		build.fsx = build.fsx
		README.md = README.md
		RELEASE_NOTES.md = RELEASE_NOTES.md
	EndProjectSection
EndProject
Global
	GlobalSection(SolutionConfigurationPlatforms) = preSolution
		Debug|Any CPU = Debug|Any CPU
		Debug|x64 = Debug|x64
		Debug|x86 = Debug|x86
		Release|Any CPU = Release|Any CPU
		Release|x64 = Release|x64
		Release|x86 = Release|x86
	EndGlobalSection
	GlobalSection(ProjectConfigurationPlatforms) = postSolution
		{BBA0FECA-68FF-4BF6-B32B-D6AC41758626}.Debug|Any CPU.ActiveCfg = Debug|Any CPU
		{BBA0FECA-68FF-4BF6-B32B-D6AC41758626}.Debug|Any CPU.Build.0 = Debug|Any CPU
		{BBA0FECA-68FF-4BF6-B32B-D6AC41758626}.Debug|x64.ActiveCfg = Debug|Any CPU
		{BBA0FECA-68FF-4BF6-B32B-D6AC41758626}.Debug|x64.Build.0 = Debug|Any CPU
		{BBA0FECA-68FF-4BF6-B32B-D6AC41758626}.Debug|x86.ActiveCfg = Debug|Any CPU
		{BBA0FECA-68FF-4BF6-B32B-D6AC41758626}.Debug|x86.Build.0 = Debug|Any CPU
		{BBA0FECA-68FF-4BF6-B32B-D6AC41758626}.Release|Any CPU.ActiveCfg = Release|Any CPU
		{BBA0FECA-68FF-4BF6-B32B-D6AC41758626}.Release|Any CPU.Build.0 = Release|Any CPU
		{BBA0FECA-68FF-4BF6-B32B-D6AC41758626}.Release|x64.ActiveCfg = Release|Any CPU
		{BBA0FECA-68FF-4BF6-B32B-D6AC41758626}.Release|x64.Build.0 = Release|Any CPU
		{BBA0FECA-68FF-4BF6-B32B-D6AC41758626}.Release|x86.ActiveCfg = Release|Any CPU
		{BBA0FECA-68FF-4BF6-B32B-D6AC41758626}.Release|x86.Build.0 = Release|Any CPU
	EndGlobalSection
	GlobalSection(SolutionProperties) = preSolution
		HideSolutionNode = FALSE
	EndGlobalSection
	GlobalSection(ExtensibilityGlobals) = postSolution
		SolutionGuid = {DB6A79BF-BEA3-497E-B64D-3F5B48E32FFE}
	EndGlobalSection
EndGlobal
