{
  "requires": true,
  "lockfileVersion": 1,
  "dependencies": {
    "@types/office-js": {
      "version": "1.0.195",
      "resolved": "https://registry.npmjs.org/@types/office-js/-/office-js-1.0.195.tgz",
      "integrity": "sha512-HMZbxQ3rJ9bJn6cG1q5nQr+/b3oBCr5KEeiTU+zv5TCGiw7YFI51RVT2pAore6EkytY9GIWReZzRbBSeqnyRuQ=="
    }
  }
}
